// !$*UTF8*$!
{
	archiveVersion = 1;
	classes = {
	};
	objectVersion = 55;
	objects = {

/* Begin PBXBuildFile section */
		DE402E012859063B008C4BF7 /* CollectionViewTableViewCell.swift in Sources */ = {isa = PBXBuildFile; fileRef = DE402E002859063B008C4BF7 /* CollectionViewTableViewCell.swift */; };
		DEA3EEAA2858F8160062B506 /* AppDelegate.swift in Sources */ = {isa = PBXBuildFile; fileRef = DEA3EEA92858F8160062B506 /* AppDelegate.swift */; };
		DEA3EEAC2858F8160062B506 /* SceneDelegate.swift in Sources */ = {isa = PBXBuildFile; fileRef = DEA3EEAB2858F8160062B506 /* SceneDelegate.swift */; };
		DEA3EEAE2858F8160062B506 /* MainTabBarViewController.swift in Sources */ = {isa = PBXBuildFile; fileRef = DEA3EEAD2858F8160062B506 /* MainTabBarViewController.swift */; };
		DEA3EEB32858F8180062B506 /* Assets.xcassets in Resources */ = {isa = PBXBuildFile; fileRef = DEA3EEB22858F8180062B506 /* Assets.xcassets */; };
		DEA3EEB62858F8180062B506 /* LaunchScreen.storyboard in Resources */ = {isa = PBXBuildFile; fileRef = DEA3EEB42858F8180062B506 /* LaunchScreen.storyboard */; };
		DEA3EEBF2858FA890062B506 /* HomeViewController.swift in Sources */ = {isa = PBXBuildFile; fileRef = DEA3EEBE2858FA890062B506 /* HomeViewController.swift */; };
		DEA3EEC12858FAA40062B506 /* UpcomingViewController.swift in Sources */ = {isa = PBXBuildFile; fileRef = DEA3EEC02858FAA40062B506 /* UpcomingViewController.swift */; };
		DEA3EEC32858FABA0062B506 /* SearchViewController.swift in Sources */ = {isa = PBXBuildFile; fileRef = DEA3EEC22858FABA0062B506 /* SearchViewController.swift */; };
		DEA3EEC52858FAD60062B506 /* DownloadsViewController.swift in Sources */ = {isa = PBXBuildFile; fileRef = DEA3EEC42858FAD60062B506 /* DownloadsViewController.swift */; };
		DEBB1710285BB49500C77B57 /* HeroHeaderUIView.swift in Sources */ = {isa = PBXBuildFile; fileRef = DEBB170F285BB49500C77B57 /* HeroHeaderUIView.swift */; };
/* End PBXBuildFile section */

/* Begin PBXFileReference section */
		DE402E002859063B008C4BF7 /* CollectionViewTableViewCell.swift */ = {isa = PBXFileReference; lastKnownFileType = sourcecode.swift; path = CollectionViewTableViewCell.swift; sourceTree = "<group>"; };
		DEA3EEA62858F8160062B506 /* NetflixCloneProject.app */ = {isa = PBXFileReference; explicitFileType = wrapper.application; includeInIndex = 0; path = NetflixCloneProject.app; sourceTree = BUILT_PRODUCTS_DIR; };
		DEA3EEA92858F8160062B506 /* AppDelegate.swift */ = {isa = PBXFileReference; lastKnownFileType = sourcecode.swift; path = AppDelegate.swift; sourceTree = "<group>"; };
		DEA3EEAB2858F8160062B506 /* SceneDelegate.swift */ = {isa = PBXFileReference; lastKnownFileType = sourcecode.swift; path = SceneDelegate.swift; sourceTree = "<group>"; };
		DEA3EEAD2858F8160062B506 /* MainTabBarViewController.swift */ = {isa = PBXFileReference; lastKnownFileType = sourcecode.swift; path = MainTabBarViewController.swift; sourceTree = "<group>"; };
		DEA3EEB22858F8180062B506 /* Assets.xcassets */ = {isa = PBXFileReference; lastKnownFileType = folder.assetcatalog; path = Assets.xcassets; sourceTree = "<group>"; };
		DEA3EEB52858F8180062B506 /* Base */ = {isa = PBXFileReference; lastKnownFileType = file.storyboard; name = Base; path = Base.lproj/LaunchScreen.storyboard; sourceTree = "<group>"; };
		DEA3EEB72858F8180062B506 /* Info.plist */ = {isa = PBXFileReference; lastKnownFileType = text.plist.xml; path = Info.plist; sourceTree = "<group>"; };
		DEA3EEBE2858FA890062B506 /* HomeViewController.swift */ = {isa = PBXFileReference; lastKnownFileType = sourcecode.swift; path = HomeViewController.swift; sourceTree = "<group>"; };
		DEA3EEC02858FAA40062B506 /* UpcomingViewController.swift */ = {isa = PBXFileReference; lastKnownFileType = sourcecode.swift; path = UpcomingViewController.swift; sourceTree = "<group>"; };
		DEA3EEC22858FABA0062B506 /* SearchViewController.swift */ = {isa = PBXFileReference; lastKnownFileType = sourcecode.swift; path = SearchViewController.swift; sourceTree = "<group>"; };
		DEA3EEC42858FAD60062B506 /* DownloadsViewController.swift */ = {isa = PBXFileReference; lastKnownFileType = sourcecode.swift; path = DownloadsViewController.swift; sourceTree = "<group>"; };
		DEBB170F285BB49500C77B57 /* HeroHeaderUIView.swift */ = {isa = PBXFileReference; lastKnownFileType = sourcecode.swift; path = HeroHeaderUIView.swift; sourceTree = "<group>"; };
/* End PBXFileReference section */

/* Begin PBXFrameworksBuildPhase section */
		DEA3EEA32858F8160062B506 /* Frameworks */ = {
			isa = PBXFrameworksBuildPhase;
			buildActionMask = 2147483647;
			files = (
			);
			runOnlyForDeploymentPostprocessing = 0;
		};
/* End PBXFrameworksBuildPhase section */

/* Begin PBXGroup section */
		DEA3EE9D2858F8160062B506 = {
			isa = PBXGroup;
			children = (
				DEA3EEA82858F8160062B506 /* NetflixCloneProject */,
				DEA3EEA72858F8160062B506 /* Products */,
			);
			sourceTree = "<group>";
		};
		DEA3EEA72858F8160062B506 /* Products */ = {
			isa = PBXGroup;
			children = (
				DEA3EEA62858F8160062B506 /* NetflixCloneProject.app */,
			);
			name = Products;
			sourceTree = "<group>";
		};
		DEA3EEA82858F8160062B506 /* NetflixCloneProject */ = {
			isa = PBXGroup;
			children = (
				DEA3EECA285905490062B506 /* Managers */,
				DEA3EEC9285905420062B506 /* Resources */,
				DEA3EEC8285905230062B506 /* Models */,
				DEA3EEC72859051E0062B506 /* ViewModels */,
				DEA3EEC6285905150062B506 /* Views */,
				DEA3EEBD2858FA790062B506 /* Controllers */,
				DEA3EEA92858F8160062B506 /* AppDelegate.swift */,
				DEA3EEAB2858F8160062B506 /* SceneDelegate.swift */,
				DEA3EEAD2858F8160062B506 /* MainTabBarViewController.swift */,
				DEA3EEB22858F8180062B506 /* Assets.xcassets */,
				DEA3EEB42858F8180062B506 /* LaunchScreen.storyboard */,
				DEA3EEB72858F8180062B506 /* Info.plist */,
			);
			path = NetflixCloneProject;
			sourceTree = "<group>";
		};
		DEA3EEBD2858FA790062B506 /* Controllers */ = {
			isa = PBXGroup;
			children = (
				DEA3EEBE2858FA890062B506 /* HomeViewController.swift */,
				DEA3EEC02858FAA40062B506 /* UpcomingViewController.swift */,
				DEA3EEC22858FABA0062B506 /* SearchViewController.swift */,
				DEA3EEC42858FAD60062B506 /* DownloadsViewController.swift */,
			);
			path = Controllers;
			sourceTree = "<group>";
		};
		DEA3EEC6285905150062B506 /* Views */ = {
			isa = PBXGroup;
			children = (
				DE402E002859063B008C4BF7 /* CollectionViewTableViewCell.swift */,
				DEBB170F285BB49500C77B57 /* HeroHeaderUIView.swift */,
			);
			path = Views;
			sourceTree = "<group>";
		};
		DEA3EEC72859051E0062B506 /* ViewModels */ = {
			isa = PBXGroup;
			children = (
			);
			path = ViewModels;
			sourceTree = "<group>";
		};
		DEA3EEC8285905230062B506 /* Models */ = {
			isa = PBXGroup;
			children = (
			);
			path = Models;
			sourceTree = "<group>";
		};
		DEA3EEC9285905420062B506 /* Resources */ = {
			isa = PBXGroup;
			children = (
			);
			path = Resources;
			sourceTree = "<group>";
		};
		DEA3EECA285905490062B506 /* Managers */ = {
			isa = PBXGroup;
			children = (
			);
			path = Managers;
			sourceTree = "<group>";
		};
/* End PBXGroup section */

/* Begin PBXNativeTarget section */
		DEA3EEA52858F8160062B506 /* NetflixCloneProject */ = {
			isa = PBXNativeTarget;
			buildConfigurationList = DEA3EEBA2858F8180062B506 /* Build configuration list for PBXNativeTarget "NetflixCloneProject" */;
			buildPhases = (
				DEA3EEA22858F8160062B506 /* Sources */,
				DEA3EEA32858F8160062B506 /* Frameworks */,
				DEA3EEA42858F8160062B506 /* Resources */,
			);
			buildRules = (
			);
			dependencies = (
			);
			name = NetflixCloneProject;
			productName = NetflixCloneProject;
			productReference = DEA3EEA62858F8160062B506 /* NetflixCloneProject.app */;
			productType = "com.apple.product-type.application";
		};
/* End PBXNativeTarget section */

/* Begin PBXProject section */
		DEA3EE9E2858F8160062B506 /* Project object */ = {
			isa = PBXProject;
			attributes = {
				BuildIndependentTargetsInParallel = 1;
				LastSwiftUpdateCheck = 1320;
				LastUpgradeCheck = 1320;
				TargetAttributes = {
					DEA3EEA52858F8160062B506 = {
						CreatedOnToolsVersion = 13.2.1;
					};
				};
			};
			buildConfigurationList = DEA3EEA12858F8160062B506 /* Build configuration list for PBXProject "NetflixCloneProject" */;
			compatibilityVersion = "Xcode 13.0";
			developmentRegion = en;
			hasScannedForEncodings = 0;
			knownRegions = (
				en,
				Base,
			);
			mainGroup = DEA3EE9D2858F8160062B506;
			productRefGroup = DEA3EEA72858F8160062B506 /* Products */;
			projectDirPath = "";
			projectRoot = "";
			targets = (
				DEA3EEA52858F8160062B506 /* NetflixCloneProject */,
			);
		};
/* End PBXProject section */

/* Begin PBXResourcesBuildPhase section */
		DEA3EEA42858F8160062B506 /* Resources */ = {
			isa = PBXResourcesBuildPhase;
			buildActionMask = 2147483647;
			files = (
				DEA3EEB62858F8180062B506 /* LaunchScreen.storyboard in Resources */,
				DEA3EEB32858F8180062B506 /* Assets.xcassets in Resources */,
			);
			runOnlyForDeploymentPostprocessing = 0;
		};
/* End PBXResourcesBuildPhase section */

/* Begin PBXSourcesBuildPhase section */
		DEA3EEA22858F8160062B506 /* Sources */ = {
			isa = PBXSourcesBuildPhase;
			buildActionMask = 2147483647;
			files = (
				DEA3EEC32858FABA0062B506 /* SearchViewController.swift in Sources */,
				DEA3EEAE2858F8160062B506 /* MainTabBarViewController.swift in Sources */,
				DE402E012859063B008C4BF7 /* CollectionViewTableViewCell.swift in Sources */,
				DEBB1710285BB49500C77B57 /* HeroHeaderUIView.swift in Sources */,
				DEA3EEC52858FAD60062B506 /* DownloadsViewController.swift in Sources */,
				DEA3EEAA2858F8160062B506 /* AppDelegate.swift in Sources */,
				DEA3EEAC2858F8160062B506 /* SceneDelegate.swift in Sources */,
				DEA3EEC12858FAA40062B506 /* UpcomingViewController.swift in Sources */,
				DEA3EEBF2858FA890062B506 /* HomeViewController.swift in Sources */,
			);
			runOnlyForDeploymentPostprocessing = 0;
		};
/* End PBXSourcesBuildPhase section */

/* Begin PBXVariantGroup section */
		DEA3EEB42858F8180062B506 /* LaunchScreen.storyboard */ = {
			isa = PBXVariantGroup;
			children = (
				DEA3EEB52858F8180062B506 /* Base */,
			);
			name = LaunchScreen.storyboard;
			sourceTree = "<group>";
		};
/* End PBXVariantGroup section */

/* Begin XCBuildConfiguration section */
		DEA3EEB82858F8180062B506 /* Debug */ = {
			isa = XCBuildConfiguration;
			buildSettings = {
				ALWAYS_SEARCH_USER_PATHS = NO;
				CLANG_ANALYZER_NONNULL = YES;
				CLANG_ANALYZER_NUMBER_OBJECT_CONVERSION = YES_AGGRESSIVE;
				CLANG_CXX_LANGUAGE_STANDARD = "gnu++17";
				CLANG_CXX_LIBRARY = "libc++";
				CLANG_ENABLE_MODULES = YES;
				CLANG_ENABLE_OBJC_ARC = YES;
				CLANG_ENABLE_OBJC_WEAK = YES;
				CLANG_WARN_BLOCK_CAPTURE_AUTORELEASING = YES;
				CLANG_WARN_BOOL_CONVERSION = YES;
				CLANG_WARN_COMMA = YES;
				CLANG_WARN_CONSTANT_CONVERSION = YES;
				CLANG_WARN_DEPRECATED_OBJC_IMPLEMENTATIONS = YES;
				CLANG_WARN_DIRECT_OBJC_ISA_USAGE = YES_ERROR;
				CLANG_WARN_DOCUMENTATION_COMMENTS = YES;
				CLANG_WARN_EMPTY_BODY = YES;
				CLANG_WARN_ENUM_CONVERSION = YES;
				CLANG_WARN_INFINITE_RECURSION = YES;
				CLANG_WARN_INT_CONVERSION = YES;
				CLANG_WARN_NON_LITERAL_NULL_CONVERSION = YES;
				CLANG_WARN_OBJC_IMPLICIT_RETAIN_SELF = YES;
				CLANG_WARN_OBJC_LITERAL_CONVERSION = YES;
				CLANG_WARN_OBJC_ROOT_CLASS = YES_ERROR;
				CLANG_WARN_QUOTED_INCLUDE_IN_FRAMEWORK_HEADER = YES;
				CLANG_WARN_RANGE_LOOP_ANALYSIS = YES;
				CLANG_WARN_STRICT_PROTOTYPES = YES;
				CLANG_WARN_SUSPICIOUS_MOVE = YES;
				CLANG_WARN_UNGUARDED_AVAILABILITY = YES_AGGRESSIVE;
				CLANG_WARN_UNREACHABLE_CODE = YES;
				CLANG_WARN__DUPLICATE_METHOD_MATCH = YES;
				COPY_PHASE_STRIP = NO;
				DEBUG_INFORMATION_FORMAT = dwarf;
				ENABLE_STRICT_OBJC_MSGSEND = YES;
				ENABLE_TESTABILITY = YES;
				GCC_C_LANGUAGE_STANDARD = gnu11;
				GCC_DYNAMIC_NO_PIC = NO;
				GCC_NO_COMMON_BLOCKS = YES;
				GCC_OPTIMIZATION_LEVEL = 0;
				GCC_PREPROCESSOR_DEFINITIONS = (
					"DEBUG=1",
					"$(inherited)",
				);
				GCC_WARN_64_TO_32_BIT_CONVERSION = YES;
				GCC_WARN_ABOUT_RETURN_TYPE = YES_ERROR;
				GCC_WARN_UNDECLARED_SELECTOR = YES;
				GCC_WARN_UNINITIALIZED_AUTOS = YES_AGGRESSIVE;
				GCC_WARN_UNUSED_FUNCTION = YES;
				GCC_WARN_UNUSED_VARIABLE = YES;
				IPHONEOS_DEPLOYMENT_TARGET = 15.2;
				MTL_ENABLE_DEBUG_INFO = INCLUDE_SOURCE;
				MTL_FAST_MATH = YES;
				ONLY_ACTIVE_ARCH = YES;
				SDKROOT = iphoneos;
				SWIFT_ACTIVE_COMPILATION_CONDITIONS = DEBUG;
				SWIFT_OPTIMIZATION_LEVEL = "-Onone";
			};
			name = Debug;
		};
		DEA3EEB92858F8180062B506 /* Release */ = {
			isa = XCBuildConfiguration;
			buildSettings = {
				ALWAYS_SEARCH_USER_PATHS = NO;
				CLANG_ANALYZER_NONNULL = YES;
				CLANG_ANALYZER_NUMBER_OBJECT_CONVERSION = YES_AGGRESSIVE;
				CLANG_CXX_LANGUAGE_STANDARD = "gnu++17";
				CLANG_CXX_LIBRARY = "libc++";
				CLANG_ENABLE_MODULES = YES;
				CLANG_ENABLE_OBJC_ARC = YES;
				CLANG_ENABLE_OBJC_WEAK = YES;
				CLANG_WARN_BLOCK_CAPTURE_AUTORELEASING = YES;
				CLANG_WARN_BOOL_CONVERSION = YES;
				CLANG_WARN_COMMA = YES;
				CLANG_WARN_CONSTANT_CONVERSION = YES;
				CLANG_WARN_DEPRECATED_OBJC_IMPLEMENTATIONS = YES;
				CLANG_WARN_DIRECT_OBJC_ISA_USAGE = YES_ERROR;
				CLANG_WARN_DOCUMENTATION_COMMENTS = YES;
				CLANG_WARN_EMPTY_BODY = YES;
				CLANG_WARN_ENUM_CONVERSION = YES;
				CLANG_WARN_INFINITE_RECURSION = YES;
				CLANG_WARN_INT_CONVERSION = YES;
				CLANG_WARN_NON_LITERAL_NULL_CONVERSION = YES;
				CLANG_WARN_OBJC_IMPLICIT_RETAIN_SELF = YES;
				CLANG_WARN_OBJC_LITERAL_CONVERSION = YES;
				CLANG_WARN_OBJC_ROOT_CLASS = YES_ERROR;
				CLANG_WARN_QUOTED_INCLUDE_IN_FRAMEWORK_HEADER = YES;
				CLANG_WARN_RANGE_LOOP_ANALYSIS = YES;
				CLANG_WARN_STRICT_PROTOTYPES = YES;
				CLANG_WARN_SUSPICIOUS_MOVE = YES;
				CLANG_WARN_UNGUARDED_AVAILABILITY = YES_AGGRESSIVE;
				CLANG_WARN_UNREACHABLE_CODE = YES;
				CLANG_WARN__DUPLICATE_METHOD_MATCH = YES;
				COPY_PHASE_STRIP = NO;
				DEBUG_INFORMATION_FORMAT = "dwarf-with-dsym";
				ENABLE_NS_ASSERTIONS = NO;
				ENABLE_STRICT_OBJC_MSGSEND = YES;
				GCC_C_LANGUAGE_STANDARD = gnu11;
				GCC_NO_COMMON_BLOCKS = YES;
				GCC_WARN_64_TO_32_BIT_CONVERSION = YES;
				GCC_WARN_ABOUT_RETURN_TYPE = YES_ERROR;
				GCC_WARN_UNDECLARED_SELECTOR = YES;
				GCC_WARN_UNINITIALIZED_AUTOS = YES_AGGRESSIVE;
				GCC_WARN_UNUSED_FUNCTION = YES;
				GCC_WARN_UNUSED_VARIABLE = YES;
				IPHONEOS_DEPLOYMENT_TARGET = 15.2;
				MTL_ENABLE_DEBUG_INFO = NO;
				MTL_FAST_MATH = YES;
				SDKROOT = iphoneos;
				SWIFT_COMPILATION_MODE = wholemodule;
				SWIFT_OPTIMIZATION_LEVEL = "-O";
				VALIDATE_PRODUCT = YES;
			};
			name = Release;
		};
		DEA3EEBB2858F8180062B506 /* Debug */ = {
			isa = XCBuildConfiguration;
			buildSettings = {
				ASSETCATALOG_COMPILER_APPICON_NAME = AppIcon;
				ASSETCATALOG_COMPILER_GLOBAL_ACCENT_COLOR_NAME = AccentColor;
				CODE_SIGN_STYLE = Automatic;
				CURRENT_PROJECT_VERSION = 1;
				DEVELOPMENT_TEAM = 7CRNJ953YN;
				GENERATE_INFOPLIST_FILE = YES;
				INFOPLIST_FILE = NetflixCloneProject/Info.plist;
				INFOPLIST_KEY_UIApplicationSupportsIndirectInputEvents = YES;
				INFOPLIST_KEY_UILaunchStoryboardName = LaunchScreen;
				INFOPLIST_KEY_UISupportedInterfaceOrientations_iPad = "UIInterfaceOrientationPortrait UIInterfaceOrientationPortraitUpsideDown UIInterfaceOrientationLandscapeLeft UIInterfaceOrientationLandscapeRight";
				INFOPLIST_KEY_UISupportedInterfaceOrientations_iPhone = "UIInterfaceOrientationPortrait UIInterfaceOrientationLandscapeLeft UIInterfaceOrientationLandscapeRight";
				LD_RUNPATH_SEARCH_PATHS = (
					"$(inherited)",
					"@executable_path/Frameworks",
				);
				MARKETING_VERSION = 1.0;
				PRODUCT_BUNDLE_IDENTIFIER = com.omerKilicaslan.NetflixCloneProject;
				PRODUCT_NAME = "$(TARGET_NAME)";
				SWIFT_EMIT_LOC_STRINGS = YES;
				SWIFT_VERSION = 5.0;
				TARGETED_DEVICE_FAMILY = "1,2";
			};
			name = Debug;
		};
		DEA3EEBC2858F8180062B506 /* Release */ = {
			isa = XCBuildConfiguration;
			buildSettings = {
				ASSETCATALOG_COMPILER_APPICON_NAME = AppIcon;
				ASSETCATALOG_COMPILER_GLOBAL_ACCENT_COLOR_NAME = AccentColor;
				CODE_SIGN_STYLE = Automatic;
				CURRENT_PROJECT_VERSION = 1;
				DEVELOPMENT_TEAM = 7CRNJ953YN;
				GENERATE_INFOPLIST_FILE = YES;
				INFOPLIST_FILE = NetflixCloneProject/Info.plist;
				INFOPLIST_KEY_UIApplicationSupportsIndirectInputEvents = YES;
				INFOPLIST_KEY_UILaunchStoryboardName = LaunchScreen;
				INFOPLIST_KEY_UISupportedInterfaceOrientations_iPad = "UIInterfaceOrientationPortrait UIInterfaceOrientationPortraitUpsideDown UIInterfaceOrientationLandscapeLeft UIInterfaceOrientationLandscapeRight";
				INFOPLIST_KEY_UISupportedInterfaceOrientations_iPhone = "UIInterfaceOrientationPortrait UIInterfaceOrientationLandscapeLeft UIInterfaceOrientationLandscapeRight";
				LD_RUNPATH_SEARCH_PATHS = (
					"$(inherited)",
					"@executable_path/Frameworks",
				);
				MARKETING_VERSION = 1.0;
				PRODUCT_BUNDLE_IDENTIFIER = com.omerKilicaslan.NetflixCloneProject;
				PRODUCT_NAME = "$(TARGET_NAME)";
				SWIFT_EMIT_LOC_STRINGS = YES;
				SWIFT_VERSION = 5.0;
				TARGETED_DEVICE_FAMILY = "1,2";
			};
			name = Release;
		};
/* End XCBuildConfiguration section */

/* Begin XCConfigurationList section */
		DEA3EEA12858F8160062B506 /* Build configuration list for PBXProject "NetflixCloneProject" */ = {
			isa = XCConfigurationList;
			buildConfigurations = (
				DEA3EEB82858F8180062B506 /* Debug */,
				DEA3EEB92858F8180062B506 /* Release */,
			);
			defaultConfigurationIsVisible = 0;
			defaultConfigurationName = Release;
		};
		DEA3EEBA2858F8180062B506 /* Build configuration list for PBXNativeTarget "NetflixCloneProject" */ = {
			isa = XCConfigurationList;
			buildConfigurations = (
				DEA3EEBB2858F8180062B506 /* Debug */,
				DEA3EEBC2858F8180062B506 /* Release */,
			);
			defaultConfigurationIsVisible = 0;
			defaultConfigurationName = Release;
		};
/* End XCConfigurationList section */
	};
	rootObject = DEA3EE9E2858F8160062B506 /* Project object */;
}
